
Microsoft Visual Studio Solution File, Format Version 12.00
# Visual Studio Version 16
VisualStudioVersion = 16.0.32002.261
MinimumVisualStudioVersion = 10.0.40219.1
Project("{FAE04EC0-301F-11D3-BF4B-00C04F79EFBC}") = "ProductAPI", "ProductAPI\ProductAPI.csproj", "{4ADB0A0A-F36B-442A-B667-F6E493C6B886}"
EndProject
Global
	GlobalSection(SolutionConfigurationPlatforms) = preSolution
		Debug|Any CPU = Debug|Any CPU
		Release|Any CPU = Release|Any CPU
	EndGlobalSection
	GlobalSection(ProjectConfigurationPlatforms) = postSolution
		{4ADB0A0A-F36B-442A-B667-F6E493C6B886}.Debug|Any CPU.ActiveCfg = Debug|Any CPU
		{4ADB0A0A-F36B-442A-B667-F6E493C6B886}.Debug|Any CPU.Build.0 = Debug|Any CPU
		{4ADB0A0A-F36B-442A-B667-F6E493C6B886}.Release|Any CPU.ActiveCfg = Release|Any CPU
		{4ADB0A0A-F36B-442A-B667-F6E493C6B886}.Release|Any CPU.Build.0 = Release|Any CPU
	EndGlobalSection
	GlobalSection(SolutionProperties) = preSolution
		HideSolutionNode = FALSE
	EndGlobalSection
	GlobalSection(ExtensibilityGlobals) = postSolution
		SolutionGuid = {C51A74C4-5AE7-4441-9681-0A0E8C249D8F}
	EndGlobalSection
EndGlobal
